// !$*UTF8*$!
{
	archiveVersion = 1;
	classes = {
	};
	objectVersion = 56;
	objects = {

/* Begin PBXBuildFile section */
		94B258AC2ABDC36A00C4F533 /* NetworkDataFetcher.swift in Sources */ = {isa = PBXBuildFile; fileRef = 94B258AB2ABDC36A00C4F533 /* NetworkDataFetcher.swift */; };
		94B258AE2ABDC39600C4F533 /* DataFetcherService.swift in Sources */ = {isa = PBXBuildFile; fileRef = 94B258AD2ABDC39600C4F533 /* DataFetcherService.swift */; };
		94D8B6C72B5FB54E0085259F /* CharactersList + CollectionView.swift in Sources */ = {isa = PBXBuildFile; fileRef = 94D8B6C62B5FB54E0085259F /* CharactersList + CollectionView.swift */; };
		94D8B6CA2B5FBD5C0085259F /* CharactersListViewModelProtocol.swift in Sources */ = {isa = PBXBuildFile; fileRef = 94D8B6C92B5FBD5C0085259F /* CharactersListViewModelProtocol.swift */; };
		94D8B6CC2B5FBD9E0085259F /* CharactersListViewModel.swift in Sources */ = {isa = PBXBuildFile; fileRef = 94D8B6CB2B5FBD9E0085259F /* CharactersListViewModel.swift */; };
		94D8B6CF2B5FBED70085259F /* Box.swift in Sources */ = {isa = PBXBuildFile; fileRef = 94D8B6CE2B5FBED70085259F /* Box.swift */; };
		94D8B6D12B5FBF2E0085259F /* CharactersCellViewModelProtocol.swift in Sources */ = {isa = PBXBuildFile; fileRef = 94D8B6D02B5FBF2E0085259F /* CharactersCellViewModelProtocol.swift */; };
		94D8B6D32B5FBF830085259F /* CharactersCellViewModel.swift in Sources */ = {isa = PBXBuildFile; fileRef = 94D8B6D22B5FBF830085259F /* CharactersCellViewModel.swift */; };
		94D8B6D52B5FE2510085259F /* CharacterDetail + TableView.swift in Sources */ = {isa = PBXBuildFile; fileRef = 94D8B6D42B5FE2510085259F /* CharacterDetail + TableView.swift */; };
		94D8B6DB2B5FE7F70085259F /* CharacterDetailsViewModel.swift in Sources */ = {isa = PBXBuildFile; fileRef = 94D8B6DA2B5FE7F70085259F /* CharacterDetailsViewModel.swift */; };
		94D8B6DD2B5FE80E0085259F /* CharacterDetailsViewModelProtocol.swift in Sources */ = {isa = PBXBuildFile; fileRef = 94D8B6DC2B5FE80E0085259F /* CharacterDetailsViewModelProtocol.swift */; };
		94D8B6DF2B5FE85A0085259F /* LocationCellViewModel.swift in Sources */ = {isa = PBXBuildFile; fileRef = 94D8B6DE2B5FE85A0085259F /* LocationCellViewModel.swift */; };
		94D8B6E12B5FE86E0085259F /* LocationCellViewModelProtocol.swift in Sources */ = {isa = PBXBuildFile; fileRef = 94D8B6E02B5FE86E0085259F /* LocationCellViewModelProtocol.swift */; };
		94D8B6E32B5FED050085259F /* EpisodesCellViewModelProtocol.swift in Sources */ = {isa = PBXBuildFile; fileRef = 94D8B6E22B5FED050085259F /* EpisodesCellViewModelProtocol.swift */; };
		94D8B6E52B5FED2C0085259F /* EpisodesCellViewModel.swift in Sources */ = {isa = PBXBuildFile; fileRef = 94D8B6E42B5FED2C0085259F /* EpisodesCellViewModel.swift */; };
		94DEFAB52A9332510051E62F /* gilroy-bold.ttf in Resources */ = {isa = PBXBuildFile; fileRef = 94DEFAB22A9332510051E62F /* gilroy-bold.ttf */; };
		94DEFAB62A9332510051E62F /* gilroy-semibold.ttf in Resources */ = {isa = PBXBuildFile; fileRef = 94DEFAB32A9332510051E62F /* gilroy-semibold.ttf */; };
		94DEFAB72A9332510051E62F /* gilroy-medium.ttf in Resources */ = {isa = PBXBuildFile; fileRef = 94DEFAB42A9332510051E62F /* gilroy-medium.ttf */; };
		94DEFAB92A93484F0051E62F /* Constants.swift in Sources */ = {isa = PBXBuildFile; fileRef = 94DEFAB82A93484F0051E62F /* Constants.swift */; };
		94DEFABC2A9356270051E62F /* CharacterModel.swift in Sources */ = {isa = PBXBuildFile; fileRef = 94DEFABB2A9356270051E62F /* CharacterModel.swift */; };
		94DEFABF2A9357340051E62F /* NetworkService.swift in Sources */ = {isa = PBXBuildFile; fileRef = 94DEFABE2A9357340051E62F /* NetworkService.swift */; };
		94DEFAC32A93720E0051E62F /* CharacterDetail.swift in Sources */ = {isa = PBXBuildFile; fileRef = 94DEFAC22A93720E0051E62F /* CharacterDetail.swift */; };
		94DEFAC82A9373E10051E62F /* CharacterDetailHeaderView.swift in Sources */ = {isa = PBXBuildFile; fileRef = 94DEFAC72A9373E10051E62F /* CharacterDetailHeaderView.swift */; };
		94DEFACA2A937F670051E62F /* InfoCell.swift in Sources */ = {isa = PBXBuildFile; fileRef = 94DEFAC92A937F670051E62F /* InfoCell.swift */; };
		94DEFACC2A93842A0051E62F /* LocationModel.swift in Sources */ = {isa = PBXBuildFile; fileRef = 94DEFACB2A93842A0051E62F /* LocationModel.swift */; };
		94DEFACE2A9397440051E62F /* OriginCell.swift in Sources */ = {isa = PBXBuildFile; fileRef = 94DEFACD2A9397440051E62F /* OriginCell.swift */; };
		94DEFAD02A939AD70051E62F /* CharacterDetailHeaderSectionView.swift in Sources */ = {isa = PBXBuildFile; fileRef = 94DEFACF2A939AD70051E62F /* CharacterDetailHeaderSectionView.swift */; };
		94DEFAD22A93A69E0051E62F /* EpisodeModel.swift in Sources */ = {isa = PBXBuildFile; fileRef = 94DEFAD12A93A69E0051E62F /* EpisodeModel.swift */; };
		94DEFAD42A93A75E0051E62F /* EpisodesCell.swift in Sources */ = {isa = PBXBuildFile; fileRef = 94DEFAD32A93A75E0051E62F /* EpisodesCell.swift */; };
		94EC6C932A932A3800423B4D /* AppDelegate.swift in Sources */ = {isa = PBXBuildFile; fileRef = 94EC6C922A932A3800423B4D /* AppDelegate.swift */; };
		94EC6C952A932A3800423B4D /* SceneDelegate.swift in Sources */ = {isa = PBXBuildFile; fileRef = 94EC6C942A932A3800423B4D /* SceneDelegate.swift */; };
		94EC6C972A932A3800423B4D /* CharactersList.swift in Sources */ = {isa = PBXBuildFile; fileRef = 94EC6C962A932A3800423B4D /* CharactersList.swift */; };
		94EC6C9C2A932A3900423B4D /* Assets.xcassets in Resources */ = {isa = PBXBuildFile; fileRef = 94EC6C9B2A932A3900423B4D /* Assets.xcassets */; };
		94EC6C9F2A932A3900423B4D /* LaunchScreen.storyboard in Resources */ = {isa = PBXBuildFile; fileRef = 94EC6C9D2A932A3900423B4D /* LaunchScreen.storyboard */; };
		94EC6CA72A932B2600423B4D /* .gitignore in Resources */ = {isa = PBXBuildFile; fileRef = 94EC6CA62A932B2600423B4D /* .gitignore */; };
		94EC6CAE2A932C3D00423B4D /* CharactersCell.swift in Sources */ = {isa = PBXBuildFile; fileRef = 94EC6CAD2A932C3D00423B4D /* CharactersCell.swift */; };
/* End PBXBuildFile section */

/* Begin PBXFileReference section */
		94B258AB2ABDC36A00C4F533 /* NetworkDataFetcher.swift */ = {isa = PBXFileReference; lastKnownFileType = sourcecode.swift; path = NetworkDataFetcher.swift; sourceTree = "<group>"; };
		94B258AD2ABDC39600C4F533 /* DataFetcherService.swift */ = {isa = PBXFileReference; lastKnownFileType = sourcecode.swift; path = DataFetcherService.swift; sourceTree = "<group>"; };
		94D8B6C62B5FB54E0085259F /* CharactersList + CollectionView.swift */ = {isa = PBXFileReference; lastKnownFileType = sourcecode.swift; path = "CharactersList + CollectionView.swift"; sourceTree = "<group>"; };
		94D8B6C92B5FBD5C0085259F /* CharactersListViewModelProtocol.swift */ = {isa = PBXFileReference; lastKnownFileType = sourcecode.swift; path = CharactersListViewModelProtocol.swift; sourceTree = "<group>"; };
		94D8B6CB2B5FBD9E0085259F /* CharactersListViewModel.swift */ = {isa = PBXFileReference; lastKnownFileType = sourcecode.swift; path = CharactersListViewModel.swift; sourceTree = "<group>"; };
		94D8B6CE2B5FBED70085259F /* Box.swift */ = {isa = PBXFileReference; lastKnownFileType = sourcecode.swift; path = Box.swift; sourceTree = "<group>"; };
		94D8B6D02B5FBF2E0085259F /* CharactersCellViewModelProtocol.swift */ = {isa = PBXFileReference; lastKnownFileType = sourcecode.swift; path = CharactersCellViewModelProtocol.swift; sourceTree = "<group>"; };
		94D8B6D22B5FBF830085259F /* CharactersCellViewModel.swift */ = {isa = PBXFileReference; lastKnownFileType = sourcecode.swift; path = CharactersCellViewModel.swift; sourceTree = "<group>"; };
		94D8B6D42B5FE2510085259F /* CharacterDetail + TableView.swift */ = {isa = PBXFileReference; lastKnownFileType = sourcecode.swift; path = "CharacterDetail + TableView.swift"; sourceTree = "<group>"; };
		94D8B6DA2B5FE7F70085259F /* CharacterDetailsViewModel.swift */ = {isa = PBXFileReference; lastKnownFileType = sourcecode.swift; path = CharacterDetailsViewModel.swift; sourceTree = "<group>"; };
		94D8B6DC2B5FE80E0085259F /* CharacterDetailsViewModelProtocol.swift */ = {isa = PBXFileReference; lastKnownFileType = sourcecode.swift; path = CharacterDetailsViewModelProtocol.swift; sourceTree = "<group>"; };
		94D8B6DE2B5FE85A0085259F /* LocationCellViewModel.swift */ = {isa = PBXFileReference; lastKnownFileType = sourcecode.swift; path = LocationCellViewModel.swift; sourceTree = "<group>"; };
		94D8B6E02B5FE86E0085259F /* LocationCellViewModelProtocol.swift */ = {isa = PBXFileReference; lastKnownFileType = sourcecode.swift; path = LocationCellViewModelProtocol.swift; sourceTree = "<group>"; };
		94D8B6E22B5FED050085259F /* EpisodesCellViewModelProtocol.swift */ = {isa = PBXFileReference; lastKnownFileType = sourcecode.swift; path = EpisodesCellViewModelProtocol.swift; sourceTree = "<group>"; };
		94D8B6E42B5FED2C0085259F /* EpisodesCellViewModel.swift */ = {isa = PBXFileReference; lastKnownFileType = sourcecode.swift; path = EpisodesCellViewModel.swift; sourceTree = "<group>"; };
		94DEFAB22A9332510051E62F /* gilroy-bold.ttf */ = {isa = PBXFileReference; lastKnownFileType = file; path = "gilroy-bold.ttf"; sourceTree = "<group>"; };
		94DEFAB32A9332510051E62F /* gilroy-semibold.ttf */ = {isa = PBXFileReference; lastKnownFileType = file; path = "gilroy-semibold.ttf"; sourceTree = "<group>"; };
		94DEFAB42A9332510051E62F /* gilroy-medium.ttf */ = {isa = PBXFileReference; lastKnownFileType = file; path = "gilroy-medium.ttf"; sourceTree = "<group>"; };
		94DEFAB82A93484F0051E62F /* Constants.swift */ = {isa = PBXFileReference; lastKnownFileType = sourcecode.swift; path = Constants.swift; sourceTree = "<group>"; };
		94DEFABB2A9356270051E62F /* CharacterModel.swift */ = {isa = PBXFileReference; lastKnownFileType = sourcecode.swift; path = CharacterModel.swift; sourceTree = "<group>"; };
		94DEFABE2A9357340051E62F /* NetworkService.swift */ = {isa = PBXFileReference; lastKnownFileType = sourcecode.swift; path = NetworkService.swift; sourceTree = "<group>"; };
		94DEFAC22A93720E0051E62F /* CharacterDetail.swift */ = {isa = PBXFileReference; lastKnownFileType = sourcecode.swift; path = CharacterDetail.swift; sourceTree = "<group>"; };
		94DEFAC72A9373E10051E62F /* CharacterDetailHeaderView.swift */ = {isa = PBXFileReference; lastKnownFileType = sourcecode.swift; path = CharacterDetailHeaderView.swift; sourceTree = "<group>"; };
		94DEFAC92A937F670051E62F /* InfoCell.swift */ = {isa = PBXFileReference; lastKnownFileType = sourcecode.swift; path = InfoCell.swift; sourceTree = "<group>"; };
		94DEFACB2A93842A0051E62F /* LocationModel.swift */ = {isa = PBXFileReference; lastKnownFileType = sourcecode.swift; path = LocationModel.swift; sourceTree = "<group>"; };
		94DEFACD2A9397440051E62F /* OriginCell.swift */ = {isa = PBXFileReference; lastKnownFileType = sourcecode.swift; path = OriginCell.swift; sourceTree = "<group>"; };
		94DEFACF2A939AD70051E62F /* CharacterDetailHeaderSectionView.swift */ = {isa = PBXFileReference; lastKnownFileType = sourcecode.swift; path = CharacterDetailHeaderSectionView.swift; sourceTree = "<group>"; };
		94DEFAD12A93A69E0051E62F /* EpisodeModel.swift */ = {isa = PBXFileReference; lastKnownFileType = sourcecode.swift; path = EpisodeModel.swift; sourceTree = "<group>"; };
		94DEFAD32A93A75E0051E62F /* EpisodesCell.swift */ = {isa = PBXFileReference; lastKnownFileType = sourcecode.swift; path = EpisodesCell.swift; sourceTree = "<group>"; };
		94EC6C8F2A932A3800423B4D /* RickAndMorty.app */ = {isa = PBXFileReference; explicitFileType = wrapper.application; includeInIndex = 0; path = RickAndMorty.app; sourceTree = BUILT_PRODUCTS_DIR; };
		94EC6C922A932A3800423B4D /* AppDelegate.swift */ = {isa = PBXFileReference; lastKnownFileType = sourcecode.swift; path = AppDelegate.swift; sourceTree = "<group>"; };
		94EC6C942A932A3800423B4D /* SceneDelegate.swift */ = {isa = PBXFileReference; lastKnownFileType = sourcecode.swift; path = SceneDelegate.swift; sourceTree = "<group>"; };
		94EC6C962A932A3800423B4D /* CharactersList.swift */ = {isa = PBXFileReference; lastKnownFileType = sourcecode.swift; path = CharactersList.swift; sourceTree = "<group>"; };
		94EC6C9B2A932A3900423B4D /* Assets.xcassets */ = {isa = PBXFileReference; lastKnownFileType = folder.assetcatalog; path = Assets.xcassets; sourceTree = "<group>"; };
		94EC6C9E2A932A3900423B4D /* Base */ = {isa = PBXFileReference; lastKnownFileType = file.storyboard; name = Base; path = Base.lproj/LaunchScreen.storyboard; sourceTree = "<group>"; };
		94EC6CA02A932A3900423B4D /* Info.plist */ = {isa = PBXFileReference; lastKnownFileType = text.plist.xml; path = Info.plist; sourceTree = "<group>"; };
		94EC6CA62A932B2600423B4D /* .gitignore */ = {isa = PBXFileReference; lastKnownFileType = text; path = .gitignore; sourceTree = "<group>"; };
		94EC6CAD2A932C3D00423B4D /* CharactersCell.swift */ = {isa = PBXFileReference; lastKnownFileType = sourcecode.swift; path = CharactersCell.swift; sourceTree = "<group>"; };
/* End PBXFileReference section */

/* Begin PBXFrameworksBuildPhase section */
		94EC6C8C2A932A3800423B4D /* Frameworks */ = {
			isa = PBXFrameworksBuildPhase;
			buildActionMask = 2147483647;
			files = (
			);
			runOnlyForDeploymentPostprocessing = 0;
		};
/* End PBXFrameworksBuildPhase section */

/* Begin PBXGroup section */
		94D8B6C52B5FB4590085259F /* Application */ = {
			isa = PBXGroup;
			children = (
				94EC6C922A932A3800423B4D /* AppDelegate.swift */,
				94EC6C942A932A3800423B4D /* SceneDelegate.swift */,
			);
			path = Application;
			sourceTree = "<group>";
		};
		94D8B6C82B5FBD460085259F /* Protocol */ = {
			isa = PBXGroup;
			children = (
				94D8B6C92B5FBD5C0085259F /* CharactersListViewModelProtocol.swift */,
			);
			path = Protocol;
			sourceTree = "<group>";
		};
		94D8B6CD2B5FBEC60085259F /* NetworkService */ = {
			isa = PBXGroup;
			children = (
				94DEFABE2A9357340051E62F /* NetworkService.swift */,
				94B258AB2ABDC36A00C4F533 /* NetworkDataFetcher.swift */,
				94B258AD2ABDC39600C4F533 /* DataFetcherService.swift */,
			);
			path = NetworkService;
			sourceTree = "<group>";
		};
		94D8B6D62B5FE2AB0085259F /* Model */ = {
			isa = PBXGroup;
			children = (
				94DEFACB2A93842A0051E62F /* LocationModel.swift */,
				94DEFAD12A93A69E0051E62F /* EpisodeModel.swift */,
			);
			path = Model;
			sourceTree = "<group>";
		};
		94D8B6D72B5FE4210085259F /* ViewModel */ = {
			isa = PBXGroup;
			children = (
				94D8B6D22B5FBF830085259F /* CharactersCellViewModel.swift */,
				94D8B6D02B5FBF2E0085259F /* CharactersCellViewModelProtocol.swift */,
			);
			path = ViewModel;
			sourceTree = "<group>";
		};
		94D8B6D82B5FE7C90085259F /* ViewModel */ = {
			isa = PBXGroup;
			children = (
				94D8B6DA2B5FE7F70085259F /* CharacterDetailsViewModel.swift */,
				94D8B6DE2B5FE85A0085259F /* LocationCellViewModel.swift */,
				94D8B6E42B5FED2C0085259F /* EpisodesCellViewModel.swift */,
			);
			path = ViewModel;
			sourceTree = "<group>";
		};
		94D8B6D92B5FE7D50085259F /* Protocol */ = {
			isa = PBXGroup;
			children = (
				94D8B6DC2B5FE80E0085259F /* CharacterDetailsViewModelProtocol.swift */,
				94D8B6E02B5FE86E0085259F /* LocationCellViewModelProtocol.swift */,
				94D8B6E22B5FED050085259F /* EpisodesCellViewModelProtocol.swift */,
			);
			path = Protocol;
			sourceTree = "<group>";
		};
		94DEFAB12A9332390051E62F /* Fonts */ = {
			isa = PBXGroup;
			children = (
				94DEFAB22A9332510051E62F /* gilroy-bold.ttf */,
				94DEFAB42A9332510051E62F /* gilroy-medium.ttf */,
				94DEFAB32A9332510051E62F /* gilroy-semibold.ttf */,
			);
			path = Fonts;
			sourceTree = "<group>";
		};
		94DEFABA2A9356160051E62F /* Model */ = {
			isa = PBXGroup;
			children = (
				94DEFABB2A9356270051E62F /* CharacterModel.swift */,
			);
			path = Model;
			sourceTree = "<group>";
		};
		94DEFABD2A9357290051E62F /* Services */ = {
			isa = PBXGroup;
			children = (
				94D8B6CE2B5FBED70085259F /* Box.swift */,
				94D8B6CD2B5FBEC60085259F /* NetworkService */,
			);
			path = Services;
			sourceTree = "<group>";
		};
		94DEFAC02A9371E30051E62F /* CharacterDetails */ = {
			isa = PBXGroup;
			children = (
				94D8B6D62B5FE2AB0085259F /* Model */,
				94DEFAC42A9372930051E62F /* View */,
				94D8B6D82B5FE7C90085259F /* ViewModel */,
				94D8B6D92B5FE7D50085259F /* Protocol */,
			);
			path = CharacterDetails;
			sourceTree = "<group>";
		};
		94DEFAC42A9372930051E62F /* View */ = {
			isa = PBXGroup;
			children = (
				94DEFAC22A93720E0051E62F /* CharacterDetail.swift */,
				94D8B6D42B5FE2510085259F /* CharacterDetail + TableView.swift */,
				94DEFAC72A9373E10051E62F /* CharacterDetailHeaderView.swift */,
				94DEFACF2A939AD70051E62F /* CharacterDetailHeaderSectionView.swift */,
				94DEFAC92A937F670051E62F /* InfoCell.swift */,
				94DEFACD2A9397440051E62F /* OriginCell.swift */,
				94DEFAD32A93A75E0051E62F /* EpisodesCell.swift */,
			);
			path = View;
			sourceTree = "<group>";
		};
		94EC6C862A932A3800423B4D = {
			isa = PBXGroup;
			children = (
				94EC6CA62A932B2600423B4D /* .gitignore */,
				94EC6C912A932A3800423B4D /* RickAndMorty */,
				94EC6C902A932A3800423B4D /* Products */,
			);
			sourceTree = "<group>";
		};
		94EC6C902A932A3800423B4D /* Products */ = {
			isa = PBXGroup;
			children = (
				94EC6C8F2A932A3800423B4D /* RickAndMorty.app */,
			);
			name = Products;
			sourceTree = "<group>";
		};
		94EC6C912A932A3800423B4D /* RickAndMorty */ = {
			isa = PBXGroup;
			children = (
				94DEFABA2A9356160051E62F /* Model */,
				94D8B6D72B5FE4210085259F /* ViewModel */,
				94EC6CAA2A932BF700423B4D /* CharatersList */,
				94DEFAC02A9371E30051E62F /* CharacterDetails */,
				94DEFABD2A9357290051E62F /* Services */,
				94D8B6C52B5FB4590085259F /* Application */,
				94EC6CA82A932B5400423B4D /* Support files */,
			);
			path = RickAndMorty;
			sourceTree = "<group>";
		};
		94EC6CA82A932B5400423B4D /* Support files */ = {
			isa = PBXGroup;
			children = (
				94DEFAB12A9332390051E62F /* Fonts */,
				94DEFAB82A93484F0051E62F /* Constants.swift */,
				94EC6C9B2A932A3900423B4D /* Assets.xcassets */,
				94EC6C9D2A932A3900423B4D /* LaunchScreen.storyboard */,
				94EC6CA02A932A3900423B4D /* Info.plist */,
			);
			path = "Support files";
			sourceTree = "<group>";
		};
		94EC6CAA2A932BF700423B4D /* CharatersList */ = {
			isa = PBXGroup;
			children = (
				94EC6CAC2A932C2E00423B4D /* View */,
				94EC6CAB2A932C2200423B4D /* ViewModel */,
				94D8B6C82B5FBD460085259F /* Protocol */,
			);
			path = CharatersList;
			sourceTree = "<group>";
		};
		94EC6CAB2A932C2200423B4D /* ViewModel */ = {
			isa = PBXGroup;
			children = (
				94D8B6CB2B5FBD9E0085259F /* CharactersListViewModel.swift */,
			);
			path = ViewModel;
			sourceTree = "<group>";
		};
		94EC6CAC2A932C2E00423B4D /* View */ = {
			isa = PBXGroup;
			children = (
				94EC6C962A932A3800423B4D /* CharactersList.swift */,
				94D8B6C62B5FB54E0085259F /* CharactersList + CollectionView.swift */,
				94EC6CAD2A932C3D00423B4D /* CharactersCell.swift */,
			);
			path = View;
			sourceTree = "<group>";
		};
/* End PBXGroup section */

/* Begin PBXNativeTarget section */
		94EC6C8E2A932A3800423B4D /* RickAndMorty */ = {
			isa = PBXNativeTarget;
			buildConfigurationList = 94EC6CA32A932A3900423B4D /* Build configuration list for PBXNativeTarget "RickAndMorty" */;
			buildPhases = (
				94EC6C8B2A932A3800423B4D /* Sources */,
				94EC6C8C2A932A3800423B4D /* Frameworks */,
				94EC6C8D2A932A3800423B4D /* Resources */,
			);
			buildRules = (
			);
			dependencies = (
			);
			name = RickAndMorty;
			productName = RickAndMorty;
			productReference = 94EC6C8F2A932A3800423B4D /* RickAndMorty.app */;
			productType = "com.apple.product-type.application";
		};
/* End PBXNativeTarget section */

/* Begin PBXProject section */
		94EC6C872A932A3800423B4D /* Project object */ = {
			isa = PBXProject;
			attributes = {
				BuildIndependentTargetsInParallel = 1;
				LastSwiftUpdateCheck = 1430;
				LastUpgradeCheck = 1520;
				TargetAttributes = {
					94EC6C8E2A932A3800423B4D = {
						CreatedOnToolsVersion = 14.3.1;
					};
				};
			};
			buildConfigurationList = 94EC6C8A2A932A3800423B4D /* Build configuration list for PBXProject "RickAndMorty" */;
			compatibilityVersion = "Xcode 14.0";
			developmentRegion = en;
			hasScannedForEncodings = 0;
			knownRegions = (
				en,
				Base,
			);
			mainGroup = 94EC6C862A932A3800423B4D;
			productRefGroup = 94EC6C902A932A3800423B4D /* Products */;
			projectDirPath = "";
			projectRoot = "";
			targets = (
				94EC6C8E2A932A3800423B4D /* RickAndMorty */,
			);
		};
/* End PBXProject section */

/* Begin PBXResourcesBuildPhase section */
		94EC6C8D2A932A3800423B4D /* Resources */ = {
			isa = PBXResourcesBuildPhase;
			buildActionMask = 2147483647;
			files = (
				94EC6CA72A932B2600423B4D /* .gitignore in Resources */,
				94EC6C9F2A932A3900423B4D /* LaunchScreen.storyboard in Resources */,
				94EC6C9C2A932A3900423B4D /* Assets.xcassets in Resources */,
				94DEFAB62A9332510051E62F /* gilroy-semibold.ttf in Resources */,
				94DEFAB52A9332510051E62F /* gilroy-bold.ttf in Resources */,
				94DEFAB72A9332510051E62F /* gilroy-medium.ttf in Resources */,
			);
			runOnlyForDeploymentPostprocessing = 0;
		};
/* End PBXResourcesBuildPhase section */

/* Begin PBXSourcesBuildPhase section */
		94EC6C8B2A932A3800423B4D /* Sources */ = {
			isa = PBXSourcesBuildPhase;
			buildActionMask = 2147483647;
			files = (
				94D8B6E52B5FED2C0085259F /* EpisodesCellViewModel.swift in Sources */,
				94DEFAC82A9373E10051E62F /* CharacterDetailHeaderView.swift in Sources */,
				94DEFAB92A93484F0051E62F /* Constants.swift in Sources */,
				94B258AE2ABDC39600C4F533 /* DataFetcherService.swift in Sources */,
				94D8B6D32B5FBF830085259F /* CharactersCellViewModel.swift in Sources */,
				94EC6C972A932A3800423B4D /* CharactersList.swift in Sources */,
				94D8B6E32B5FED050085259F /* EpisodesCellViewModelProtocol.swift in Sources */,
				94D8B6E12B5FE86E0085259F /* LocationCellViewModelProtocol.swift in Sources */,
				94D8B6DD2B5FE80E0085259F /* CharacterDetailsViewModelProtocol.swift in Sources */,
				94D8B6CF2B5FBED70085259F /* Box.swift in Sources */,
				94DEFABC2A9356270051E62F /* CharacterModel.swift in Sources */,
				94DEFABF2A9357340051E62F /* NetworkService.swift in Sources */,
				94D8B6DB2B5FE7F70085259F /* CharacterDetailsViewModel.swift in Sources */,
				94DEFAD02A939AD70051E62F /* CharacterDetailHeaderSectionView.swift in Sources */,
				94DEFAC32A93720E0051E62F /* CharacterDetail.swift in Sources */,
				94D8B6CC2B5FBD9E0085259F /* CharactersListViewModel.swift in Sources */,
				94EC6C932A932A3800423B4D /* AppDelegate.swift in Sources */,
				94D8B6C72B5FB54E0085259F /* CharactersList + CollectionView.swift in Sources */,
				94D8B6D12B5FBF2E0085259F /* CharactersCellViewModelProtocol.swift in Sources */,
				94B258AC2ABDC36A00C4F533 /* NetworkDataFetcher.swift in Sources */,
				94DEFAD42A93A75E0051E62F /* EpisodesCell.swift in Sources */,
				94DEFACE2A9397440051E62F /* OriginCell.swift in Sources */,
				94EC6C952A932A3800423B4D /* SceneDelegate.swift in Sources */,
				94D8B6DF2B5FE85A0085259F /* LocationCellViewModel.swift in Sources */,
				94DEFACC2A93842A0051E62F /* LocationModel.swift in Sources */,
				94DEFAD22A93A69E0051E62F /* EpisodeModel.swift in Sources */,
				94EC6CAE2A932C3D00423B4D /* CharactersCell.swift in Sources */,
				94D8B6CA2B5FBD5C0085259F /* CharactersListViewModelProtocol.swift in Sources */,
				94D8B6D52B5FE2510085259F /* CharacterDetail + TableView.swift in Sources */,
				94DEFACA2A937F670051E62F /* InfoCell.swift in Sources */,
			);
			runOnlyForDeploymentPostprocessing = 0;
		};
/* End PBXSourcesBuildPhase section */

/* Begin PBXVariantGroup section */
		94EC6C9D2A932A3900423B4D /* LaunchScreen.storyboard */ = {
			isa = PBXVariantGroup;
			children = (
				94EC6C9E2A932A3900423B4D /* Base */,
			);
			name = LaunchScreen.storyboard;
			sourceTree = "<group>";
		};
/* End PBXVariantGroup section */

/* Begin XCBuildConfiguration section */
		94EC6CA12A932A3900423B4D /* Debug */ = {
			isa = XCBuildConfiguration;
			buildSettings = {
				ALWAYS_SEARCH_USER_PATHS = NO;
				CLANG_ANALYZER_NONNULL = YES;
				CLANG_ANALYZER_NUMBER_OBJECT_CONVERSION = YES_AGGRESSIVE;
				CLANG_CXX_LANGUAGE_STANDARD = "gnu++20";
				CLANG_ENABLE_MODULES = YES;
				CLANG_ENABLE_OBJC_ARC = YES;
				CLANG_ENABLE_OBJC_WEAK = YES;
				CLANG_WARN_BLOCK_CAPTURE_AUTORELEASING = YES;
				CLANG_WARN_BOOL_CONVERSION = YES;
				CLANG_WARN_COMMA = YES;
				CLANG_WARN_CONSTANT_CONVERSION = YES;
				CLANG_WARN_DEPRECATED_OBJC_IMPLEMENTATIONS = YES;
				CLANG_WARN_DIRECT_OBJC_ISA_USAGE = YES_ERROR;
				CLANG_WARN_DOCUMENTATION_COMMENTS = YES;
				CLANG_WARN_EMPTY_BODY = YES;
				CLANG_WARN_ENUM_CONVERSION = YES;
				CLANG_WARN_INFINITE_RECURSION = YES;
				CLANG_WARN_INT_CONVERSION = YES;
				CLANG_WARN_NON_LITERAL_NULL_CONVERSION = YES;
				CLANG_WARN_OBJC_IMPLICIT_RETAIN_SELF = YES;
				CLANG_WARN_OBJC_LITERAL_CONVERSION = YES;
				CLANG_WARN_OBJC_ROOT_CLASS = YES_ERROR;
				CLANG_WARN_QUOTED_INCLUDE_IN_FRAMEWORK_HEADER = YES;
				CLANG_WARN_RANGE_LOOP_ANALYSIS = YES;
				CLANG_WARN_STRICT_PROTOTYPES = YES;
				CLANG_WARN_SUSPICIOUS_MOVE = YES;
				CLANG_WARN_UNGUARDED_AVAILABILITY = YES_AGGRESSIVE;
				CLANG_WARN_UNREACHABLE_CODE = YES;
				CLANG_WARN__DUPLICATE_METHOD_MATCH = YES;
				COPY_PHASE_STRIP = NO;
				DEBUG_INFORMATION_FORMAT = dwarf;
				ENABLE_STRICT_OBJC_MSGSEND = YES;
				ENABLE_TESTABILITY = YES;
				ENABLE_USER_SCRIPT_SANDBOXING = YES;
				GCC_C_LANGUAGE_STANDARD = gnu11;
				GCC_DYNAMIC_NO_PIC = NO;
				GCC_NO_COMMON_BLOCKS = YES;
				GCC_OPTIMIZATION_LEVEL = 0;
				GCC_PREPROCESSOR_DEFINITIONS = (
					"DEBUG=1",
					"$(inherited)",
				);
				GCC_WARN_64_TO_32_BIT_CONVERSION = YES;
				GCC_WARN_ABOUT_RETURN_TYPE = YES_ERROR;
				GCC_WARN_UNDECLARED_SELECTOR = YES;
				GCC_WARN_UNINITIALIZED_AUTOS = YES_AGGRESSIVE;
				GCC_WARN_UNUSED_FUNCTION = YES;
				GCC_WARN_UNUSED_VARIABLE = YES;
				IPHONEOS_DEPLOYMENT_TARGET = 16.4;
				MTL_ENABLE_DEBUG_INFO = INCLUDE_SOURCE;
				MTL_FAST_MATH = YES;
				ONLY_ACTIVE_ARCH = YES;
				SDKROOT = iphoneos;
				SWIFT_ACTIVE_COMPILATION_CONDITIONS = DEBUG;
				SWIFT_OPTIMIZATION_LEVEL = "-Onone";
			};
			name = Debug;
		};
		94EC6CA22A932A3900423B4D /* Release */ = {
			isa = XCBuildConfiguration;
			buildSettings = {
				ALWAYS_SEARCH_USER_PATHS = NO;
				CLANG_ANALYZER_NONNULL = YES;
				CLANG_ANALYZER_NUMBER_OBJECT_CONVERSION = YES_AGGRESSIVE;
				CLANG_CXX_LANGUAGE_STANDARD = "gnu++20";
				CLANG_ENABLE_MODULES = YES;
				CLANG_ENABLE_OBJC_ARC = YES;
				CLANG_ENABLE_OBJC_WEAK = YES;
				CLANG_WARN_BLOCK_CAPTURE_AUTORELEASING = YES;
				CLANG_WARN_BOOL_CONVERSION = YES;
				CLANG_WARN_COMMA = YES;
				CLANG_WARN_CONSTANT_CONVERSION = YES;
				CLANG_WARN_DEPRECATED_OBJC_IMPLEMENTATIONS = YES;
				CLANG_WARN_DIRECT_OBJC_ISA_USAGE = YES_ERROR;
				CLANG_WARN_DOCUMENTATION_COMMENTS = YES;
				CLANG_WARN_EMPTY_BODY = YES;
				CLANG_WARN_ENUM_CONVERSION = YES;
				CLANG_WARN_INFINITE_RECURSION = YES;
				CLANG_WARN_INT_CONVERSION = YES;
				CLANG_WARN_NON_LITERAL_NULL_CONVERSION = YES;
				CLANG_WARN_OBJC_IMPLICIT_RETAIN_SELF = YES;
				CLANG_WARN_OBJC_LITERAL_CONVERSION = YES;
				CLANG_WARN_OBJC_ROOT_CLASS = YES_ERROR;
				CLANG_WARN_QUOTED_INCLUDE_IN_FRAMEWORK_HEADER = YES;
				CLANG_WARN_RANGE_LOOP_ANALYSIS = YES;
				CLANG_WARN_STRICT_PROTOTYPES = YES;
				CLANG_WARN_SUSPICIOUS_MOVE = YES;
				CLANG_WARN_UNGUARDED_AVAILABILITY = YES_AGGRESSIVE;
				CLANG_WARN_UNREACHABLE_CODE = YES;
				CLANG_WARN__DUPLICATE_METHOD_MATCH = YES;
				COPY_PHASE_STRIP = NO;
				DEBUG_INFORMATION_FORMAT = "dwarf-with-dsym";
				ENABLE_NS_ASSERTIONS = NO;
				ENABLE_STRICT_OBJC_MSGSEND = YES;
				ENABLE_USER_SCRIPT_SANDBOXING = YES;
				GCC_C_LANGUAGE_STANDARD = gnu11;
				GCC_NO_COMMON_BLOCKS = YES;
				GCC_WARN_64_TO_32_BIT_CONVERSION = YES;
				GCC_WARN_ABOUT_RETURN_TYPE = YES_ERROR;
				GCC_WARN_UNDECLARED_SELECTOR = YES;
				GCC_WARN_UNINITIALIZED_AUTOS = YES_AGGRESSIVE;
				GCC_WARN_UNUSED_FUNCTION = YES;
				GCC_WARN_UNUSED_VARIABLE = YES;
				IPHONEOS_DEPLOYMENT_TARGET = 16.4;
				MTL_ENABLE_DEBUG_INFO = NO;
				MTL_FAST_MATH = YES;
				SDKROOT = iphoneos;
				SWIFT_COMPILATION_MODE = wholemodule;
				SWIFT_OPTIMIZATION_LEVEL = "-O";
				VALIDATE_PRODUCT = YES;
			};
			name = Release;
		};
		94EC6CA42A932A3900423B4D /* Debug */ = {
			isa = XCBuildConfiguration;
			buildSettings = {
				ASSETCATALOG_COMPILER_APPICON_NAME = AppIcon;
				ASSETCATALOG_COMPILER_GLOBAL_ACCENT_COLOR_NAME = AccentColor;
				CODE_SIGN_STYLE = Automatic;
				CURRENT_PROJECT_VERSION = 1;
				DEVELOPMENT_TEAM = J8L5S42HGH;
				GENERATE_INFOPLIST_FILE = YES;
				INFOPLIST_FILE = "RickAndMorty/Support files/Info.plist";
				INFOPLIST_KEY_UIApplicationSupportsIndirectInputEvents = YES;
				INFOPLIST_KEY_UILaunchStoryboardName = LaunchScreen;
				INFOPLIST_KEY_UISupportedInterfaceOrientations = UIInterfaceOrientationPortrait;
				INFOPLIST_KEY_UISupportedInterfaceOrientations_iPad = "UIInterfaceOrientationLandscapeLeft UIInterfaceOrientationLandscapeRight UIInterfaceOrientationPortrait UIInterfaceOrientationPortraitUpsideDown";
				LD_RUNPATH_SEARCH_PATHS = (
					"$(inherited)",
					"@executable_path/Frameworks",
				);
				MARKETING_VERSION = 1.0;
				PRODUCT_BUNDLE_IDENTIFIER = MaximTvilinev.RickAndMorty;
				PRODUCT_NAME = "$(TARGET_NAME)";
				SUPPORTED_PLATFORMS = "iphoneos iphonesimulator";
				SUPPORTS_MACCATALYST = NO;
				SUPPORTS_MAC_DESIGNED_FOR_IPHONE_IPAD = NO;
				SWIFT_EMIT_LOC_STRINGS = YES;
				SWIFT_VERSION = 5.0;
				TARGETED_DEVICE_FAMILY = 1;
			};
			name = Debug;
		};
		94EC6CA52A932A3900423B4D /* Release */ = {
			isa = XCBuildConfiguration;
			buildSettings = {
				ASSETCATALOG_COMPILER_APPICON_NAME = AppIcon;
				ASSETCATALOG_COMPILER_GLOBAL_ACCENT_COLOR_NAME = AccentColor;
				CODE_SIGN_STYLE = Automatic;
				CURRENT_PROJECT_VERSION = 1;
				DEVELOPMENT_TEAM = J8L5S42HGH;
				GENERATE_INFOPLIST_FILE = YES;
				INFOPLIST_FILE = "RickAndMorty/Support files/Info.plist";
				INFOPLIST_KEY_UIApplicationSupportsIndirectInputEvents = YES;
				INFOPLIST_KEY_UILaunchStoryboardName = LaunchScreen;
				INFOPLIST_KEY_UISupportedInterfaceOrientations = UIInterfaceOrientationPortrait;
				INFOPLIST_KEY_UISupportedInterfaceOrientations_iPad = "UIInterfaceOrientationLandscapeLeft UIInterfaceOrientationLandscapeRight UIInterfaceOrientationPortrait UIInterfaceOrientationPortraitUpsideDown";
				LD_RUNPATH_SEARCH_PATHS = (
					"$(inherited)",
					"@executable_path/Frameworks",
				);
				MARKETING_VERSION = 1.0;
				PRODUCT_BUNDLE_IDENTIFIER = MaximTvilinev.RickAndMorty;
				PRODUCT_NAME = "$(TARGET_NAME)";
				SUPPORTED_PLATFORMS = "iphoneos iphonesimulator";
				SUPPORTS_MACCATALYST = NO;
				SUPPORTS_MAC_DESIGNED_FOR_IPHONE_IPAD = NO;
				SWIFT_EMIT_LOC_STRINGS = YES;
				SWIFT_VERSION = 5.0;
				TARGETED_DEVICE_FAMILY = 1;
			};
			name = Release;
		};
/* End XCBuildConfiguration section */

/* Begin XCConfigurationList section */
		94EC6C8A2A932A3800423B4D /* Build configuration list for PBXProject "RickAndMorty" */ = {
			isa = XCConfigurationList;
			buildConfigurations = (
				94EC6CA12A932A3900423B4D /* Debug */,
				94EC6CA22A932A3900423B4D /* Release */,
			);
			defaultConfigurationIsVisible = 0;
			defaultConfigurationName = Release;
		};
		94EC6CA32A932A3900423B4D /* Build configuration list for PBXNativeTarget "RickAndMorty" */ = {
			isa = XCConfigurationList;
			buildConfigurations = (
				94EC6CA42A932A3900423B4D /* Debug */,
				94EC6CA52A932A3900423B4D /* Release */,
			);
			defaultConfigurationIsVisible = 0;
			defaultConfigurationName = Release;
		};
/* End XCConfigurationList section */
	};
	rootObject = 94EC6C872A932A3800423B4D /* Project object */;
}
